{
  "name": "faustbrowser-mcp",
  "version": "0.5.0",
  "lockfileVersion": 3,
  "requires": true,
  "packages": {
    "": {
      "name": "faustbrowser-mcp",
      "version": "0.5.0",
      "dependencies": {
        "@grame/faustwasm": "^0.15.4",
        "@shren/faust-ui": "^1.1.19"
      }
    },
    "node_modules/@grame/faustwasm": {
      "version": "0.15.4",
      "resolved": "https://registry.npmjs.org/@grame/faustwasm/-/faustwasm-0.15.4.tgz",
      "integrity": "sha512-MQ7xUz29N7aK+w0QlszUq7xSQzqASBBbr8K18WyXtIxkeDyuiIxF20KkbjAQStnhAFoILVY7hgbwCTzrpZoNQw==",
      "license": "LGPL-3.0",
      "dependencies": {
        "@types/emscripten": "^1.39.10"
      },
      "bin": {
        "faust2sndfile-ts": "scripts/faust2sndfile.js",
        "faust2svg-ts": "scripts/faust2svg.js",
        "faust2wasm-ts": "scripts/faust2wasm.js"
      }
    },
    "node_modules/@shren/faust-ui": {
      "version": "1.1.19",
      "resolved": "https://registry.npmjs.org/@shren/faust-ui/-/faust-ui-1.1.19.tgz",
      "integrity": "sha512-PZvNsdDM2H4l3NTZV1in38oqe03GWxGohsMefom0luOUVmfntp7ctb1eW7s+vkUKAJH5je5tIlbynigqTQ0gjA==",
      "license": "GPL-3.0-or-later"
    },
    "node_modules/@types/emscripten": {
      "version": "1.41.5",
      "resolved": "https://registry.npmjs.org/@types/emscripten/-/emscripten-1.41.5.tgz",
      "integrity": "sha512-cMQm7pxu6BxtHyqJ7mQZ2kXWV5SLmugybFdHCBbJ5eHzOo6VhBckEgAT3//rP5FwPHNPeEiq4SmQ5ucBwsOo4Q==",
      "license": "MIT"
    }
  }
}
